
Microsoft Visual Studio Solution File, Format Version 12.00
# Visual Studio Version 16
VisualStudioVersion = 25.0.1706.4
MinimumVisualStudioVersion = 10.0.40219.1
Project("{FAE04EC0-301F-11D3-BF4B-00C04F79EFBC}") = "CRMFamaV2", "CRMFamaV2.csproj", "{A458A477-0524-4E57-910C-312806558576}"
EndProject
Global
	GlobalSection(SolutionConfigurationPlatforms) = preSolution
		Debug|Any CPU = Debug|Any CPU
		Release|Any CPU = Release|Any CPU
	EndGlobalSection
	GlobalSection(ProjectConfigurationPlatforms) = postSolution
		{A458A477-0524-4E57-910C-312806558576}.Debug|Any CPU.ActiveCfg = Debug|Any CPU
		{A458A477-0524-4E57-910C-312806558576}.Debug|Any CPU.Build.0 = Debug|Any CPU
		{A458A477-0524-4E57-910C-312806558576}.Release|Any CPU.ActiveCfg = Release|Any CPU
		{A458A477-0524-4E57-910C-312806558576}.Release|Any CPU.Build.0 = Release|Any CPU
	EndGlobalSection
	GlobalSection(SolutionProperties) = preSolution
		HideSolutionNode = FALSE
	EndGlobalSection
	GlobalSection(ExtensibilityGlobals) = postSolution
		SolutionGuid = {A8D7A1CB-248F-48D9-8F63-F63015822F98}
	EndGlobalSection
EndGlobal
